
Microsoft Visual Studio Solution File, Format Version 12.00
# Visual Studio Version 16
VisualStudioVersion = 16.0.35731.53
MinimumVisualStudioVersion = 10.0.40219.1
Project("{FAE04EC0-301F-11D3-BF4B-00C04F79EFBC}") = "maioroumenorquedez", "maioroumenorquedez.csproj", "{6470B5CA-C4B4-4FC2-B8A4-67DE94E9D56E}"
EndProject
Global
	GlobalSection(SolutionConfigurationPlatforms) = preSolution
		Debug|Any CPU = Debug|Any CPU
		Release|Any CPU = Release|Any CPU
	EndGlobalSection
	GlobalSection(ProjectConfigurationPlatforms) = postSolution
		{6470B5CA-C4B4-4FC2-B8A4-67DE94E9D56E}.Debug|Any CPU.ActiveCfg = Debug|Any CPU
		{6470B5CA-C4B4-4FC2-B8A4-67DE94E9D56E}.Debug|Any CPU.Build.0 = Debug|Any CPU
		{6470B5CA-C4B4-4FC2-B8A4-67DE94E9D56E}.Release|Any CPU.ActiveCfg = Release|Any CPU
		{6470B5CA-C4B4-4FC2-B8A4-67DE94E9D56E}.Release|Any CPU.Build.0 = Release|Any CPU
	EndGlobalSection
	GlobalSection(SolutionProperties) = preSolution
		HideSolutionNode = FALSE
	EndGlobalSection
	GlobalSection(ExtensibilityGlobals) = postSolution
		SolutionGuid = {FC0BEF34-E118-47F7-964A-AA27A6D7B7B9}
	EndGlobalSection
EndGlobal
